{
  "name": "node_modules-path",
  "version": "2.1.1-0",
  "lockfileVersion": 3,
  "requires": true,
  "packages": {
    "": {
      "name": "node_modules-path",
      "version": "2.1.1-0",
      "license": "GPL",
      "bin": {
        "node_modules": "bin.js"
      },
      "devDependencies": {},
      "engines": {
        "node": ">=10.15.3"
      }
    }
  }
}
